
Microsoft Visual Studio Solution File, Format Version 12.00
# Visual Studio Version 16
VisualStudioVersion = 16.0.30804.86
MinimumVisualStudioVersion = 10.0.40219.1
Project("{FAE04EC0-301F-11D3-BF4B-00C04F79EFBC}") = "WpfApp1", "WpfApp1\WpfApp1.csproj", "{B8021B78-BB5A-4206-855A-913CEE9249AD}"
EndProject
Global
	GlobalSection(SolutionConfigurationPlatforms) = preSolution
		Debug|Any CPU = Debug|Any CPU
		Release|Any CPU = Release|Any CPU
	EndGlobalSection
	GlobalSection(ProjectConfigurationPlatforms) = postSolution
		{B8021B78-BB5A-4206-855A-913CEE9249AD}.Debug|Any CPU.ActiveCfg = Debug|Any CPU
		{B8021B78-BB5A-4206-855A-913CEE9249AD}.Debug|Any CPU.Build.0 = Debug|Any CPU
		{B8021B78-BB5A-4206-855A-913CEE9249AD}.Release|Any CPU.ActiveCfg = Release|Any CPU
		{B8021B78-BB5A-4206-855A-913CEE9249AD}.Release|Any CPU.Build.0 = Release|Any CPU
	EndGlobalSection
	GlobalSection(SolutionProperties) = preSolution
		HideSolutionNode = FALSE
	EndGlobalSection
	GlobalSection(ExtensibilityGlobals) = postSolution
		SolutionGuid = {811215DC-788A-4B53-8F61-D2DBC4AF3D30}
	EndGlobalSection
EndGlobal
